// !$*UTF8*$!
{
	archiveVersion = 1;
	classes = {
	};
	objectVersion = 46;
	objects = {

/* Begin PBXBuildFile section */
		4B83B3781D60DFA4006CDEB6 /* ECUtils.h in Headers */ = {isa = PBXBuildFile; fileRef = 4B83B3771D60DFA4006CDEB6 /* ECUtils.h */; settings = {ATTRIBUTES = (Public, ); }; };
		4B83B4CB1D60E340006CDEB6 /* RFBeanClass.h in Headers */ = {isa = PBXBuildFile; fileRef = 4B83B4511D60E340006CDEB6 /* RFBeanClass.h */; };
		4B83B4CC1D60E340006CDEB6 /* RFBeanClass.m in Sources */ = {isa = PBXBuildFile; fileRef = 4B83B4521D60E340006CDEB6 /* RFBeanClass.m */; };
		4B83B4CD1D60E340006CDEB6 /* RFBeanProperty.h in Headers */ = {isa = PBXBuildFile; fileRef = 4B83B4531D60E340006CDEB6 /* RFBeanProperty.h */; };
		4B83B4CE1D60E340006CDEB6 /* RFBeanProperty.m in Sources */ = {isa = PBXBuildFile; fileRef = 4B83B4541D60E340006CDEB6 /* RFBeanProperty.m */; };
		4B83B4CF1D60E340006CDEB6 /* RFBeanPropertyAnnotation.h in Headers */ = {isa = PBXBuildFile; fileRef = 4B83B4551D60E340006CDEB6 /* RFBeanPropertyAnnotation.h */; };
		4B83B4D01D60E340006CDEB6 /* RFBeanPropertyAnnotation.m in Sources */ = {isa = PBXBuildFile; fileRef = 4B83B4561D60E340006CDEB6 /* RFBeanPropertyAnnotation.m */; };
		4B83B4D11D60E340006CDEB6 /* RFBeanProtocol.h in Headers */ = {isa = PBXBuildFile; fileRef = 4B83B4571D60E340006CDEB6 /* RFBeanProtocol.h */; };
		4B83B4D21D60E340006CDEB6 /* RFBeanProtocol.m in Sources */ = {isa = PBXBuildFile; fileRef = 4B83B4581D60E340006CDEB6 /* RFBeanProtocol.m */; };
		4B83B4D31D60E340006CDEB6 /* RFBeanUtil.h in Headers */ = {isa = PBXBuildFile; fileRef = 4B83B4591D60E340006CDEB6 /* RFBeanUtil.h */; };
		4B83B4D41D60E340006CDEB6 /* RFBeanUtil.m in Sources */ = {isa = PBXBuildFile; fileRef = 4B83B45A1D60E340006CDEB6 /* RFBeanUtil.m */; };
		4B83B4D51D60E340006CDEB6 /* RFJSONObject.h in Headers */ = {isa = PBXBuildFile; fileRef = 4B83B45B1D60E340006CDEB6 /* RFJSONObject.h */; };
		4B83B4D61D60E340006CDEB6 /* RFJSONPropertyAnnotation.h in Headers */ = {isa = PBXBuildFile; fileRef = 4B83B45C1D60E340006CDEB6 /* RFJSONPropertyAnnotation.h */; };
		4B83B4D71D60E340006CDEB6 /* RFJSONPropertyAnnotation.m in Sources */ = {isa = PBXBuildFile; fileRef = 4B83B45D1D60E340006CDEB6 /* RFJSONPropertyAnnotation.m */; };
		4B83B4D81D60E340006CDEB6 /* RFJSONUtil.h in Headers */ = {isa = PBXBuildFile; fileRef = 4B83B45E1D60E340006CDEB6 /* RFJSONUtil.h */; };
		4B83B4D91D60E340006CDEB6 /* RFJSONUtil.m in Sources */ = {isa = PBXBuildFile; fileRef = 4B83B45F1D60E340006CDEB6 /* RFJSONUtil.m */; };
		4B83B4DA1D60E340006CDEB6 /* NSData+Utils.h in Headers */ = {isa = PBXBuildFile; fileRef = 4B83B4611D60E340006CDEB6 /* NSData+Utils.h */; settings = {ATTRIBUTES = (Public, ); }; };
		4B83B4DB1D60E340006CDEB6 /* NSData+Utils.m in Sources */ = {isa = PBXBuildFile; fileRef = 4B83B4621D60E340006CDEB6 /* NSData+Utils.m */; };
		4B83B4DC1D60E340006CDEB6 /* NSDate+Utils.h in Headers */ = {isa = PBXBuildFile; fileRef = 4B83B4631D60E340006CDEB6 /* NSDate+Utils.h */; settings = {ATTRIBUTES = (Public, ); }; };
		4B83B4DD1D60E340006CDEB6 /* NSDate+Utils.m in Sources */ = {isa = PBXBuildFile; fileRef = 4B83B4641D60E340006CDEB6 /* NSDate+Utils.m */; };
		4B83B4DE1D60E340006CDEB6 /* NSDictionary+Utils.h in Headers */ = {isa = PBXBuildFile; fileRef = 4B83B4651D60E340006CDEB6 /* NSDictionary+Utils.h */; settings = {ATTRIBUTES = (Public, ); }; };
		4B83B4DF1D60E340006CDEB6 /* NSDictionary+Utils.m in Sources */ = {isa = PBXBuildFile; fileRef = 4B83B4661D60E340006CDEB6 /* NSDictionary+Utils.m */; };
		4B83B4E01D60E340006CDEB6 /* NSFileManager+Utils.h in Headers */ = {isa = PBXBuildFile; fileRef = 4B83B4671D60E340006CDEB6 /* NSFileManager+Utils.h */; settings = {ATTRIBUTES = (Public, ); }; };
		4B83B4E11D60E340006CDEB6 /* NSFileManager+Utils.m in Sources */ = {isa = PBXBuildFile; fileRef = 4B83B4681D60E340006CDEB6 /* NSFileManager+Utils.m */; };
		4B83B4E21D60E340006CDEB6 /* NSNull+Protection.h in Headers */ = {isa = PBXBuildFile; fileRef = 4B83B4691D60E340006CDEB6 /* NSNull+Protection.h */; settings = {ATTRIBUTES = (Public, ); }; };
		4B83B4E31D60E340006CDEB6 /* NSNull+Protection.m in Sources */ = {isa = PBXBuildFile; fileRef = 4B83B46A1D60E340006CDEB6 /* NSNull+Protection.m */; };
		4B83B4E41D60E340006CDEB6 /* NSString+Utils.h in Headers */ = {isa = PBXBuildFile; fileRef = 4B83B46B1D60E340006CDEB6 /* NSString+Utils.h */; settings = {ATTRIBUTES = (Public, ); }; };
		4B83B4E51D60E340006CDEB6 /* NSString+Utils.m in Sources */ = {isa = PBXBuildFile; fileRef = 4B83B46C1D60E340006CDEB6 /* NSString+Utils.m */; };
		4B83B4E61D60E340006CDEB6 /* NSTimer+Block.h in Headers */ = {isa = PBXBuildFile; fileRef = 4B83B46D1D60E340006CDEB6 /* NSTimer+Block.h */; settings = {ATTRIBUTES = (Public, ); }; };
		4B83B4E71D60E340006CDEB6 /* NSTimer+Block.m in Sources */ = {isa = PBXBuildFile; fileRef = 4B83B46E1D60E340006CDEB6 /* NSTimer+Block.m */; };
		4B83B4E81D60E340006CDEB6 /* ECBlockAction.h in Headers */ = {isa = PBXBuildFile; fileRef = 4B83B46F1D60E340006CDEB6 /* ECBlockAction.h */; };
		4B83B4E91D60E340006CDEB6 /* ECBlockAction.m in Sources */ = {isa = PBXBuildFile; fileRef = 4B83B4701D60E340006CDEB6 /* ECBlockAction.m */; };
		4B83B4F01D60E340006CDEB6 /* ECPinyinTable.h in Headers */ = {isa = PBXBuildFile; fileRef = 4B83B4771D60E340006CDEB6 /* ECPinyinTable.h */; };
		4B83B4F11D60E340006CDEB6 /* ECPinyinUtil.h in Headers */ = {isa = PBXBuildFile; fileRef = 4B83B4781D60E340006CDEB6 /* ECPinyinUtil.h */; };
		4B83B4F21D60E340006CDEB6 /* ECPinyinUtil.m in Sources */ = {isa = PBXBuildFile; fileRef = 4B83B4791D60E340006CDEB6 /* ECPinyinUtil.m */; };
		4B83B4F31D60E340006CDEB6 /* ECCUtil.h in Headers */ = {isa = PBXBuildFile; fileRef = 4B83B47A1D60E340006CDEB6 /* ECCUtil.h */; };
		4B83B4F41D60E340006CDEB6 /* ECCUtil.m in Sources */ = {isa = PBXBuildFile; fileRef = 4B83B47B1D60E340006CDEB6 /* ECCUtil.m */; };
		4B83B4F51D60E340006CDEB6 /* ECResourceLoader.h in Headers */ = {isa = PBXBuildFile; fileRef = 4B83B47C1D60E340006CDEB6 /* ECResourceLoader.h */; };
		4B83B4F61D60E340006CDEB6 /* ECResourceLoader.m in Sources */ = {isa = PBXBuildFile; fileRef = 4B83B47D1D60E340006CDEB6 /* ECResourceLoader.m */; };
		4B83B4FD1D60E340006CDEB6 /* ECApplication.h in Headers */ = {isa = PBXBuildFile; fileRef = 4B83B4851D60E340006CDEB6 /* ECApplication.h */; settings = {ATTRIBUTES = (Public, ); }; };
		4B83B4FE1D60E340006CDEB6 /* ECApplication.m in Sources */ = {isa = PBXBuildFile; fileRef = 4B83B4861D60E340006CDEB6 /* ECApplication.m */; };
		4B83B4FF1D60E340006CDEB6 /* ECBlockActionSheet.h in Headers */ = {isa = PBXBuildFile; fileRef = 4B83B4871D60E340006CDEB6 /* ECBlockActionSheet.h */; };
		4B83B5001D60E340006CDEB6 /* ECBlockActionSheet.m in Sources */ = {isa = PBXBuildFile; fileRef = 4B83B4881D60E340006CDEB6 /* ECBlockActionSheet.m */; };
		4B83B5011D60E340006CDEB6 /* ECBlockAlertView.h in Headers */ = {isa = PBXBuildFile; fileRef = 4B83B4891D60E340006CDEB6 /* ECBlockAlertView.h */; };
		4B83B5021D60E340006CDEB6 /* ECBlockAlertView.m in Sources */ = {isa = PBXBuildFile; fileRef = 4B83B48A1D60E340006CDEB6 /* ECBlockAlertView.m */; };
		4B83B5031D60E340006CDEB6 /* ECBlockImagePickerViewController.h in Headers */ = {isa = PBXBuildFile; fileRef = 4B83B48B1D60E340006CDEB6 /* ECBlockImagePickerViewController.h */; };
		4B83B5041D60E340006CDEB6 /* ECBlockImagePickerViewController.m in Sources */ = {isa = PBXBuildFile; fileRef = 4B83B48C1D60E340006CDEB6 /* ECBlockImagePickerViewController.m */; };
		4B83B5081D60E340006CDEB6 /* ECCollectionViewCell.h in Headers */ = {isa = PBXBuildFile; fileRef = 4B83B4901D60E340006CDEB6 /* ECCollectionViewCell.h */; };
		4B83B5091D60E340006CDEB6 /* ECCollectionViewCell.m in Sources */ = {isa = PBXBuildFile; fileRef = 4B83B4911D60E340006CDEB6 /* ECCollectionViewCell.m */; };
		4B83B50A1D60E340006CDEB6 /* ECInputView.h in Headers */ = {isa = PBXBuildFile; fileRef = 4B83B4921D60E340006CDEB6 /* ECInputView.h */; };
		4B83B50B1D60E340006CDEB6 /* ECInputView.m in Sources */ = {isa = PBXBuildFile; fileRef = 4B83B4931D60E340006CDEB6 /* ECInputView.m */; };
		4B83B50C1D60E340006CDEB6 /* ECLoadMoreCell.h in Headers */ = {isa = PBXBuildFile; fileRef = 4B83B4941D60E340006CDEB6 /* ECLoadMoreCell.h */; };
		4B83B50D1D60E340006CDEB6 /* ECLoadMoreCell.m in Sources */ = {isa = PBXBuildFile; fileRef = 4B83B4951D60E340006CDEB6 /* ECLoadMoreCell.m */; };
		4B83B5111D60E340006CDEB6 /* ECNibUtil.h in Headers */ = {isa = PBXBuildFile; fileRef = 4B83B4991D60E340006CDEB6 /* ECNibUtil.h */; };
		4B83B5121D60E340006CDEB6 /* ECNibUtil.m in Sources */ = {isa = PBXBuildFile; fileRef = 4B83B49A1D60E340006CDEB6 /* ECNibUtil.m */; };
		4B83B5151D60E340006CDEB6 /* ECPresentationController.h in Headers */ = {isa = PBXBuildFile; fileRef = 4B83B49D1D60E340006CDEB6 /* ECPresentationController.h */; };
		4B83B5161D60E340006CDEB6 /* ECPresentationController.m in Sources */ = {isa = PBXBuildFile; fileRef = 4B83B49E1D60E340006CDEB6 /* ECPresentationController.m */; };
		4B83B5171D60E340006CDEB6 /* ECProgressView.h in Headers */ = {isa = PBXBuildFile; fileRef = 4B83B49F1D60E340006CDEB6 /* ECProgressView.h */; };
		4B83B5181D60E340006CDEB6 /* ECProgressView.m in Sources */ = {isa = PBXBuildFile; fileRef = 4B83B4A01D60E340006CDEB6 /* ECProgressView.m */; };
		4B83B5191D60E340006CDEB6 /* ECRootViewController.h in Headers */ = {isa = PBXBuildFile; fileRef = 4B83B4A11D60E340006CDEB6 /* ECRootViewController.h */; };
		4B83B51A1D60E340006CDEB6 /* ECRootViewController.m in Sources */ = {isa = PBXBuildFile; fileRef = 4B83B4A21D60E340006CDEB6 /* ECRootViewController.m */; };
		4B83B51B1D60E340006CDEB6 /* ECRoundProgressView.h in Headers */ = {isa = PBXBuildFile; fileRef = 4B83B4A31D60E340006CDEB6 /* ECRoundProgressView.h */; };
		4B83B51C1D60E340006CDEB6 /* ECRoundProgressView.m in Sources */ = {isa = PBXBuildFile; fileRef = 4B83B4A41D60E340006CDEB6 /* ECRoundProgressView.m */; };
		4B83B51D1D60E340006CDEB6 /* ECRow.h in Headers */ = {isa = PBXBuildFile; fileRef = 4B83B4A51D60E340006CDEB6 /* ECRow.h */; };
		4B83B51E1D60E340006CDEB6 /* ECRow.m in Sources */ = {isa = PBXBuildFile; fileRef = 4B83B4A61D60E340006CDEB6 /* ECRow.m */; };
		4B83B51F1D60E340006CDEB6 /* ECSection.h in Headers */ = {isa = PBXBuildFile; fileRef = 4B83B4A71D60E340006CDEB6 /* ECSection.h */; };
		4B83B5201D60E340006CDEB6 /* ECSection.m in Sources */ = {isa = PBXBuildFile; fileRef = 4B83B4A81D60E340006CDEB6 /* ECSection.m */; };
		4B83B5211D60E340006CDEB6 /* ECSidebar.h in Headers */ = {isa = PBXBuildFile; fileRef = 4B83B4A91D60E340006CDEB6 /* ECSidebar.h */; };
		4B83B5241D60E340006CDEB6 /* ECTableViewCell.h in Headers */ = {isa = PBXBuildFile; fileRef = 4B83B4AC1D60E340006CDEB6 /* ECTableViewCell.h */; };
		4B83B5251D60E340006CDEB6 /* ECTableViewCell.m in Sources */ = {isa = PBXBuildFile; fileRef = 4B83B4AD1D60E340006CDEB6 /* ECTableViewCell.m */; };
		4B83B5261D60E340006CDEB6 /* ECTableViewCellDynamicHeight.h in Headers */ = {isa = PBXBuildFile; fileRef = 4B83B4AE1D60E340006CDEB6 /* ECTableViewCellDynamicHeight.h */; };
		4B83B5271D60E340006CDEB6 /* ECTableViewController.h in Headers */ = {isa = PBXBuildFile; fileRef = 4B83B4AF1D60E340006CDEB6 /* ECTableViewController.h */; };
		4B83B5281D60E340006CDEB6 /* ECTableViewController.m in Sources */ = {isa = PBXBuildFile; fileRef = 4B83B4B01D60E340006CDEB6 /* ECTableViewController.m */; };
		4B83B5311D60E340006CDEB6 /* ECToast.h in Headers */ = {isa = PBXBuildFile; fileRef = 4B83B4B91D60E340006CDEB6 /* ECToast.h */; };
		4B83B5321D60E340006CDEB6 /* ECToast.m in Sources */ = {isa = PBXBuildFile; fileRef = 4B83B4BA1D60E340006CDEB6 /* ECToast.m */; };
		4B83B5331D60E340006CDEB6 /* ECViewController.h in Headers */ = {isa = PBXBuildFile; fileRef = 4B83B4BB1D60E340006CDEB6 /* ECViewController.h */; };
		4B83B5341D60E340006CDEB6 /* ECViewController.m in Sources */ = {isa = PBXBuildFile; fileRef = 4B83B4BC1D60E340006CDEB6 /* ECViewController.m */; };
		4B83B5351D60E340006CDEB6 /* ECViewObject.h in Headers */ = {isa = PBXBuildFile; fileRef = 4B83B4BD1D60E340006CDEB6 /* ECViewObject.h */; };
		4B83B5361D60E340006CDEB6 /* ECViewObject.m in Sources */ = {isa = PBXBuildFile; fileRef = 4B83B4BE1D60E340006CDEB6 /* ECViewObject.m */; };
		4B83B5371D60E340006CDEB6 /* ECViewUtil.h in Headers */ = {isa = PBXBuildFile; fileRef = 4B83B4BF1D60E340006CDEB6 /* ECViewUtil.h */; };
		4B83B5381D60E340006CDEB6 /* ECViewUtil.m in Sources */ = {isa = PBXBuildFile; fileRef = 4B83B4C01D60E340006CDEB6 /* ECViewUtil.m */; };
		4B83B5391D60E340006CDEB6 /* UIBarButtonItem+Utils.h in Headers */ = {isa = PBXBuildFile; fileRef = 4B83B4C11D60E340006CDEB6 /* UIBarButtonItem+Utils.h */; settings = {ATTRIBUTES = (Public, ); }; };
		4B83B53A1D60E340006CDEB6 /* UIBarButtonItem+Utils.m in Sources */ = {isa = PBXBuildFile; fileRef = 4B83B4C21D60E340006CDEB6 /* UIBarButtonItem+Utils.m */; };
		4B83B53B1D60E340006CDEB6 /* UIDevice+Additions.h in Headers */ = {isa = PBXBuildFile; fileRef = 4B83B4C31D60E340006CDEB6 /* UIDevice+Additions.h */; settings = {ATTRIBUTES = (Public, ); }; };
		4B83B53C1D60E340006CDEB6 /* UIDevice+Additions.m in Sources */ = {isa = PBXBuildFile; fileRef = 4B83B4C41D60E340006CDEB6 /* UIDevice+Additions.m */; };
		4B83B53D1D60E340006CDEB6 /* UIView+Utils.h in Headers */ = {isa = PBXBuildFile; fileRef = 4B83B4C51D60E340006CDEB6 /* UIView+Utils.h */; settings = {ATTRIBUTES = (Public, ); }; };
		4B83B53E1D60E340006CDEB6 /* UIView+Utils.m in Sources */ = {isa = PBXBuildFile; fileRef = 4B83B4C61D60E340006CDEB6 /* UIView+Utils.m */; };
/* End PBXBuildFile section */

/* Begin PBXFileReference section */
		4B83B3741D60DFA4006CDEB6 /* ECUtils.framework */ = {isa = PBXFileReference; explicitFileType = wrapper.framework; includeInIndex = 0; path = ECUtils.framework; sourceTree = BUILT_PRODUCTS_DIR; };
		4B83B3771D60DFA4006CDEB6 /* ECUtils.h */ = {isa = PBXFileReference; lastKnownFileType = sourcecode.c.h; path = ECUtils.h; sourceTree = "<group>"; };
		4B83B3791D60DFA4006CDEB6 /* Info.plist */ = {isa = PBXFileReference; lastKnownFileType = text.plist.xml; path = Info.plist; sourceTree = "<group>"; };
		4B83B4511D60E340006CDEB6 /* RFBeanClass.h */ = {isa = PBXFileReference; fileEncoding = 4; lastKnownFileType = sourcecode.c.h; path = RFBeanClass.h; sourceTree = "<group>"; };
		4B83B4521D60E340006CDEB6 /* RFBeanClass.m */ = {isa = PBXFileReference; fileEncoding = 4; lastKnownFileType = sourcecode.c.objc; path = RFBeanClass.m; sourceTree = "<group>"; };
		4B83B4531D60E340006CDEB6 /* RFBeanProperty.h */ = {isa = PBXFileReference; fileEncoding = 4; lastKnownFileType = sourcecode.c.h; path = RFBeanProperty.h; sourceTree = "<group>"; };
		4B83B4541D60E340006CDEB6 /* RFBeanProperty.m */ = {isa = PBXFileReference; fileEncoding = 4; lastKnownFileType = sourcecode.c.objc; path = RFBeanProperty.m; sourceTree = "<group>"; };
		4B83B4551D60E340006CDEB6 /* RFBeanPropertyAnnotation.h */ = {isa = PBXFileReference; fileEncoding = 4; lastKnownFileType = sourcecode.c.h; path = RFBeanPropertyAnnotation.h; sourceTree = "<group>"; };
		4B83B4561D60E340006CDEB6 /* RFBeanPropertyAnnotation.m */ = {isa = PBXFileReference; fileEncoding = 4; lastKnownFileType = sourcecode.c.objc; path = RFBeanPropertyAnnotation.m; sourceTree = "<group>"; };
		4B83B4571D60E340006CDEB6 /* RFBeanProtocol.h */ = {isa = PBXFileReference; fileEncoding = 4; lastKnownFileType = sourcecode.c.h; path = RFBeanProtocol.h; sourceTree = "<group>"; };
		4B83B4581D60E340006CDEB6 /* RFBeanProtocol.m */ = {isa = PBXFileReference; fileEncoding = 4; lastKnownFileType = sourcecode.c.objc; path = RFBeanProtocol.m; sourceTree = "<group>"; };
		4B83B4591D60E340006CDEB6 /* RFBeanUtil.h */ = {isa = PBXFileReference; fileEncoding = 4; lastKnownFileType = sourcecode.c.h; path = RFBeanUtil.h; sourceTree = "<group>"; };
		4B83B45A1D60E340006CDEB6 /* RFBeanUtil.m */ = {isa = PBXFileReference; fileEncoding = 4; lastKnownFileType = sourcecode.c.objc; path = RFBeanUtil.m; sourceTree = "<group>"; };
		4B83B45B1D60E340006CDEB6 /* RFJSONObject.h */ = {isa = PBXFileReference; fileEncoding = 4; lastKnownFileType = sourcecode.c.h; path = RFJSONObject.h; sourceTree = "<group>"; };
		4B83B45C1D60E340006CDEB6 /* RFJSONPropertyAnnotation.h */ = {isa = PBXFileReference; fileEncoding = 4; lastKnownFileType = sourcecode.c.h; path = RFJSONPropertyAnnotation.h; sourceTree = "<group>"; };
		4B83B45D1D60E340006CDEB6 /* RFJSONPropertyAnnotation.m */ = {isa = PBXFileReference; fileEncoding = 4; lastKnownFileType = sourcecode.c.objc; path = RFJSONPropertyAnnotation.m; sourceTree = "<group>"; };
		4B83B45E1D60E340006CDEB6 /* RFJSONUtil.h */ = {isa = PBXFileReference; fileEncoding = 4; lastKnownFileType = sourcecode.c.h; path = RFJSONUtil.h; sourceTree = "<group>"; };
		4B83B45F1D60E340006CDEB6 /* RFJSONUtil.m */ = {isa = PBXFileReference; fileEncoding = 4; lastKnownFileType = sourcecode.c.objc; path = RFJSONUtil.m; sourceTree = "<group>"; };
		4B83B4611D60E340006CDEB6 /* NSData+Utils.h */ = {isa = PBXFileReference; fileEncoding = 4; lastKnownFileType = sourcecode.c.h; path = "NSData+Utils.h"; sourceTree = "<group>"; };
		4B83B4621D60E340006CDEB6 /* NSData+Utils.m */ = {isa = PBXFileReference; fileEncoding = 4; lastKnownFileType = sourcecode.c.objc; path = "NSData+Utils.m"; sourceTree = "<group>"; };
		4B83B4631D60E340006CDEB6 /* NSDate+Utils.h */ = {isa = PBXFileReference; fileEncoding = 4; lastKnownFileType = sourcecode.c.h; path = "NSDate+Utils.h"; sourceTree = "<group>"; };
		4B83B4641D60E340006CDEB6 /* NSDate+Utils.m */ = {isa = PBXFileReference; fileEncoding = 4; lastKnownFileType = sourcecode.c.objc; path = "NSDate+Utils.m"; sourceTree = "<group>"; };
		4B83B4651D60E340006CDEB6 /* NSDictionary+Utils.h */ = {isa = PBXFileReference; fileEncoding = 4; lastKnownFileType = sourcecode.c.h; path = "NSDictionary+Utils.h"; sourceTree = "<group>"; };
		4B83B4661D60E340006CDEB6 /* NSDictionary+Utils.m */ = {isa = PBXFileReference; fileEncoding = 4; lastKnownFileType = sourcecode.c.objc; path = "NSDictionary+Utils.m"; sourceTree = "<group>"; };
		4B83B4671D60E340006CDEB6 /* NSFileManager+Utils.h */ = {isa = PBXFileReference; fileEncoding = 4; lastKnownFileType = sourcecode.c.h; path = "NSFileManager+Utils.h"; sourceTree = "<group>"; };
		4B83B4681D60E340006CDEB6 /* NSFileManager+Utils.m */ = {isa = PBXFileReference; fileEncoding = 4; lastKnownFileType = sourcecode.c.objc; path = "NSFileManager+Utils.m"; sourceTree = "<group>"; };
		4B83B4691D60E340006CDEB6 /* NSNull+Protection.h */ = {isa = PBXFileReference; fileEncoding = 4; lastKnownFileType = sourcecode.c.h; path = "NSNull+Protection.h"; sourceTree = "<group>"; };
		4B83B46A1D60E340006CDEB6 /* NSNull+Protection.m */ = {isa = PBXFileReference; fileEncoding = 4; lastKnownFileType = sourcecode.c.objc; path = "NSNull+Protection.m"; sourceTree = "<group>"; };
		4B83B46B1D60E340006CDEB6 /* NSString+Utils.h */ = {isa = PBXFileReference; fileEncoding = 4; lastKnownFileType = sourcecode.c.h; path = "NSString+Utils.h"; sourceTree = "<group>"; };
		4B83B46C1D60E340006CDEB6 /* NSString+Utils.m */ = {isa = PBXFileReference; fileEncoding = 4; lastKnownFileType = sourcecode.c.objc; path = "NSString+Utils.m"; sourceTree = "<group>"; };
		4B83B46D1D60E340006CDEB6 /* NSTimer+Block.h */ = {isa = PBXFileReference; fileEncoding = 4; lastKnownFileType = sourcecode.c.h; path = "NSTimer+Block.h"; sourceTree = "<group>"; };
		4B83B46E1D60E340006CDEB6 /* NSTimer+Block.m */ = {isa = PBXFileReference; fileEncoding = 4; lastKnownFileType = sourcecode.c.objc; path = "NSTimer+Block.m"; sourceTree = "<group>"; };
		4B83B46F1D60E340006CDEB6 /* ECBlockAction.h */ = {isa = PBXFileReference; fileEncoding = 4; lastKnownFileType = sourcecode.c.h; path = ECBlockAction.h; sourceTree = "<group>"; };
		4B83B4701D60E340006CDEB6 /* ECBlockAction.m */ = {isa = PBXFileReference; fileEncoding = 4; lastKnownFileType = sourcecode.c.objc; path = ECBlockAction.m; sourceTree = "<group>"; };
		4B83B4771D60E340006CDEB6 /* ECPinyinTable.h */ = {isa = PBXFileReference; fileEncoding = 4; lastKnownFileType = sourcecode.c.h; path = ECPinyinTable.h; sourceTree = "<group>"; };
		4B83B4781D60E340006CDEB6 /* ECPinyinUtil.h */ = {isa = PBXFileReference; fileEncoding = 4; lastKnownFileType = sourcecode.c.h; path = ECPinyinUtil.h; sourceTree = "<group>"; };
		4B83B4791D60E340006CDEB6 /* ECPinyinUtil.m */ = {isa = PBXFileReference; fileEncoding = 4; lastKnownFileType = sourcecode.c.objc; path = ECPinyinUtil.m; sourceTree = "<group>"; };
		4B83B47A1D60E340006CDEB6 /* ECCUtil.h */ = {isa = PBXFileReference; fileEncoding = 4; lastKnownFileType = sourcecode.c.h; path = ECCUtil.h; sourceTree = "<group>"; };
		4B83B47B1D60E340006CDEB6 /* ECCUtil.m */ = {isa = PBXFileReference; fileEncoding = 4; lastKnownFileType = sourcecode.c.objc; path = ECCUtil.m; sourceTree = "<group>"; };
		4B83B47C1D60E340006CDEB6 /* ECResourceLoader.h */ = {isa = PBXFileReference; fileEncoding = 4; lastKnownFileType = sourcecode.c.h; path = ECResourceLoader.h; sourceTree = "<group>"; };
		4B83B47D1D60E340006CDEB6 /* ECResourceLoader.m */ = {isa = PBXFileReference; fileEncoding = 4; lastKnownFileType = sourcecode.c.objc; path = ECResourceLoader.m; sourceTree = "<group>"; };
		4B83B4851D60E340006CDEB6 /* ECApplication.h */ = {isa = PBXFileReference; fileEncoding = 4; lastKnownFileType = sourcecode.c.h; path = ECApplication.h; sourceTree = "<group>"; };
		4B83B4861D60E340006CDEB6 /* ECApplication.m */ = {isa = PBXFileReference; fileEncoding = 4; lastKnownFileType = sourcecode.c.objc; path = ECApplication.m; sourceTree = "<group>"; };
		4B83B4871D60E340006CDEB6 /* ECBlockActionSheet.h */ = {isa = PBXFileReference; fileEncoding = 4; lastKnownFileType = sourcecode.c.h; path = ECBlockActionSheet.h; sourceTree = "<group>"; };
		4B83B4881D60E340006CDEB6 /* ECBlockActionSheet.m */ = {isa = PBXFileReference; fileEncoding = 4; lastKnownFileType = sourcecode.c.objc; path = ECBlockActionSheet.m; sourceTree = "<group>"; };
		4B83B4891D60E340006CDEB6 /* ECBlockAlertView.h */ = {isa = PBXFileReference; fileEncoding = 4; lastKnownFileType = sourcecode.c.h; path = ECBlockAlertView.h; sourceTree = "<group>"; };
		4B83B48A1D60E340006CDEB6 /* ECBlockAlertView.m */ = {isa = PBXFileReference; fileEncoding = 4; lastKnownFileType = sourcecode.c.objc; path = ECBlockAlertView.m; sourceTree = "<group>"; };
		4B83B48B1D60E340006CDEB6 /* ECBlockImagePickerViewController.h */ = {isa = PBXFileReference; fileEncoding = 4; lastKnownFileType = sourcecode.c.h; path = ECBlockImagePickerViewController.h; sourceTree = "<group>"; };
		4B83B48C1D60E340006CDEB6 /* ECBlockImagePickerViewController.m */ = {isa = PBXFileReference; fileEncoding = 4; lastKnownFileType = sourcecode.c.objc; path = ECBlockImagePickerViewController.m; sourceTree = "<group>"; };
		4B83B4901D60E340006CDEB6 /* ECCollectionViewCell.h */ = {isa = PBXFileReference; fileEncoding = 4; lastKnownFileType = sourcecode.c.h; path = ECCollectionViewCell.h; sourceTree = "<group>"; };
		4B83B4911D60E340006CDEB6 /* ECCollectionViewCell.m */ = {isa = PBXFileReference; fileEncoding = 4; lastKnownFileType = sourcecode.c.objc; path = ECCollectionViewCell.m; sourceTree = "<group>"; };
		4B83B4921D60E340006CDEB6 /* ECInputView.h */ = {isa = PBXFileReference; fileEncoding = 4; lastKnownFileType = sourcecode.c.h; path = ECInputView.h; sourceTree = "<group>"; };
		4B83B4931D60E340006CDEB6 /* ECInputView.m */ = {isa = PBXFileReference; fileEncoding = 4; lastKnownFileType = sourcecode.c.objc; path = ECInputView.m; sourceTree = "<group>"; };
		4B83B4941D60E340006CDEB6 /* ECLoadMoreCell.h */ = {isa = PBXFileReference; fileEncoding = 4; lastKnownFileType = sourcecode.c.h; path = ECLoadMoreCell.h; sourceTree = "<group>"; };
		4B83B4951D60E340006CDEB6 /* ECLoadMoreCell.m */ = {isa = PBXFileReference; fileEncoding = 4; lastKnownFileType = sourcecode.c.objc; path = ECLoadMoreCell.m; sourceTree = "<group>"; };
		4B83B4991D60E340006CDEB6 /* ECNibUtil.h */ = {isa = PBXFileReference; fileEncoding = 4; lastKnownFileType = sourcecode.c.h; path = ECNibUtil.h; sourceTree = "<group>"; };
		4B83B49A1D60E340006CDEB6 /* ECNibUtil.m */ = {isa = PBXFileReference; fileEncoding = 4; lastKnownFileType = sourcecode.c.objc; path = ECNibUtil.m; sourceTree = "<group>"; };
		4B83B49D1D60E340006CDEB6 /* ECPresentationController.h */ = {isa = PBXFileReference; fileEncoding = 4; lastKnownFileType = sourcecode.c.h; path = ECPresentationController.h; sourceTree = "<group>"; };
		4B83B49E1D60E340006CDEB6 /* ECPresentationController.m */ = {isa = PBXFileReference; fileEncoding = 4; lastKnownFileType = sourcecode.c.objc; path = ECPresentationController.m; sourceTree = "<group>"; };
		4B83B49F1D60E340006CDEB6 /* ECProgressView.h */ = {isa = PBXFileReference; fileEncoding = 4; lastKnownFileType = sourcecode.c.h; path = ECProgressView.h; sourceTree = "<group>"; };
		4B83B4A01D60E340006CDEB6 /* ECProgressView.m */ = {isa = PBXFileReference; fileEncoding = 4; lastKnownFileType = sourcecode.c.objc; path = ECProgressView.m; sourceTree = "<group>"; };
		4B83B4A11D60E340006CDEB6 /* ECRootViewController.h */ = {isa = PBXFileReference; fileEncoding = 4; lastKnownFileType = sourcecode.c.h; path = ECRootViewController.h; sourceTree = "<group>"; };
		4B83B4A21D60E340006CDEB6 /* ECRootViewController.m */ = {isa = PBXFileReference; fileEncoding = 4; lastKnownFileType = sourcecode.c.objc; path = ECRootViewController.m; sourceTree = "<group>"; };
		4B83B4A31D60E340006CDEB6 /* ECRoundProgressView.h */ = {isa = PBXFileReference; fileEncoding = 4; lastKnownFileType = sourcecode.c.h; path = ECRoundProgressView.h; sourceTree = "<group>"; };
		4B83B4A41D60E340006CDEB6 /* ECRoundProgressView.m */ = {isa = PBXFileReference; fileEncoding = 4; lastKnownFileType = sourcecode.c.objc; path = ECRoundProgressView.m; sourceTree = "<group>"; };
		4B83B4A51D60E340006CDEB6 /* ECRow.h */ = {isa = PBXFileReference; fileEncoding = 4; lastKnownFileType = sourcecode.c.h; path = ECRow.h; sourceTree = "<group>"; };
		4B83B4A61D60E340006CDEB6 /* ECRow.m */ = {isa = PBXFileReference; fileEncoding = 4; lastKnownFileType = sourcecode.c.objc; path = ECRow.m; sourceTree = "<group>"; };
		4B83B4A71D60E340006CDEB6 /* ECSection.h */ = {isa = PBXFileReference; fileEncoding = 4; lastKnownFileType = sourcecode.c.h; path = ECSection.h; sourceTree = "<group>"; };
		4B83B4A81D60E340006CDEB6 /* ECSection.m */ = {isa = PBXFileReference; fileEncoding = 4; lastKnownFileType = sourcecode.c.objc; path = ECSection.m; sourceTree = "<group>"; };
		4B83B4A91D60E340006CDEB6 /* ECSidebar.h */ = {isa = PBXFileReference; fileEncoding = 4; lastKnownFileType = sourcecode.c.h; path = ECSidebar.h; sourceTree = "<group>"; };
		4B83B4AC1D60E340006CDEB6 /* ECTableViewCell.h */ = {isa = PBXFileReference; fileEncoding = 4; lastKnownFileType = sourcecode.c.h; path = ECTableViewCell.h; sourceTree = "<group>"; };
		4B83B4AD1D60E340006CDEB6 /* ECTableViewCell.m */ = {isa = PBXFileReference; fileEncoding = 4; lastKnownFileType = sourcecode.c.objc; path = ECTableViewCell.m; sourceTree = "<group>"; };
		4B83B4AE1D60E340006CDEB6 /* ECTableViewCellDynamicHeight.h */ = {isa = PBXFileReference; fileEncoding = 4; lastKnownFileType = sourcecode.c.h; path = ECTableViewCellDynamicHeight.h; sourceTree = "<group>"; };
		4B83B4AF1D60E340006CDEB6 /* ECTableViewController.h */ = {isa = PBXFileReference; fileEncoding = 4; lastKnownFileType = sourcecode.c.h; path = ECTableViewController.h; sourceTree = "<group>"; };
		4B83B4B01D60E340006CDEB6 /* ECTableViewController.m */ = {isa = PBXFileReference; fileEncoding = 4; lastKnownFileType = sourcecode.c.objc; path = ECTableViewController.m; sourceTree = "<group>"; };
		4B83B4B91D60E340006CDEB6 /* ECToast.h */ = {isa = PBXFileReference; fileEncoding = 4; lastKnownFileType = sourcecode.c.h; path = ECToast.h; sourceTree = "<group>"; };
		4B83B4BA1D60E340006CDEB6 /* ECToast.m */ = {isa = PBXFileReference; fileEncoding = 4; lastKnownFileType = sourcecode.c.objc; path = ECToast.m; sourceTree = "<group>"; };
		4B83B4BB1D60E340006CDEB6 /* ECViewController.h */ = {isa = PBXFileReference; fileEncoding = 4; lastKnownFileType = sourcecode.c.h; path = ECViewController.h; sourceTree = "<group>"; };
		4B83B4BC1D60E340006CDEB6 /* ECViewController.m */ = {isa = PBXFileReference; fileEncoding = 4; lastKnownFileType = sourcecode.c.objc; path = ECViewController.m; sourceTree = "<group>"; };
		4B83B4BD1D60E340006CDEB6 /* ECViewObject.h */ = {isa = PBXFileReference; fileEncoding = 4; lastKnownFileType = sourcecode.c.h; path = ECViewObject.h; sourceTree = "<group>"; };
		4B83B4BE1D60E340006CDEB6 /* ECViewObject.m */ = {isa = PBXFileReference; fileEncoding = 4; lastKnownFileType = sourcecode.c.objc; path = ECViewObject.m; sourceTree = "<group>"; };
		4B83B4BF1D60E340006CDEB6 /* ECViewUtil.h */ = {isa = PBXFileReference; fileEncoding = 4; lastKnownFileType = sourcecode.c.h; path = ECViewUtil.h; sourceTree = "<group>"; };
		4B83B4C01D60E340006CDEB6 /* ECViewUtil.m */ = {isa = PBXFileReference; fileEncoding = 4; lastKnownFileType = sourcecode.c.objc; path = ECViewUtil.m; sourceTree = "<group>"; };
		4B83B4C11D60E340006CDEB6 /* UIBarButtonItem+Utils.h */ = {isa = PBXFileReference; fileEncoding = 4; lastKnownFileType = sourcecode.c.h; path = "UIBarButtonItem+Utils.h"; sourceTree = "<group>"; };
		4B83B4C21D60E340006CDEB6 /* UIBarButtonItem+Utils.m */ = {isa = PBXFileReference; fileEncoding = 4; lastKnownFileType = sourcecode.c.objc; path = "UIBarButtonItem+Utils.m"; sourceTree = "<group>"; };
		4B83B4C31D60E340006CDEB6 /* UIDevice+Additions.h */ = {isa = PBXFileReference; fileEncoding = 4; lastKnownFileType = sourcecode.c.h; path = "UIDevice+Additions.h"; sourceTree = "<group>"; };
		4B83B4C41D60E340006CDEB6 /* UIDevice+Additions.m */ = {isa = PBXFileReference; fileEncoding = 4; lastKnownFileType = sourcecode.c.objc; path = "UIDevice+Additions.m"; sourceTree = "<group>"; };
		4B83B4C51D60E340006CDEB6 /* UIView+Utils.h */ = {isa = PBXFileReference; fileEncoding = 4; lastKnownFileType = sourcecode.c.h; path = "UIView+Utils.h"; sourceTree = "<group>"; };
		4B83B4C61D60E340006CDEB6 /* UIView+Utils.m */ = {isa = PBXFileReference; fileEncoding = 4; lastKnownFileType = sourcecode.c.objc; path = "UIView+Utils.m"; sourceTree = "<group>"; };
		4B83B53F1D60E53A006CDEB6 /* ECLog.h */ = {isa = PBXFileReference; lastKnownFileType = sourcecode.c.h; path = ECLog.h; sourceTree = "<group>"; };
/* End PBXFileReference section */

/* Begin PBXFrameworksBuildPhase section */
		4B83B3701D60DFA4006CDEB6 /* Frameworks */ = {
			isa = PBXFrameworksBuildPhase;
			buildActionMask = 2147483647;
			files = (
			);
			runOnlyForDeploymentPostprocessing = 0;
		};
/* End PBXFrameworksBuildPhase section */

/* Begin PBXGroup section */
		4B83B36A1D60DFA4006CDEB6 = {
			isa = PBXGroup;
			children = (
				4B83B3761D60DFA4006CDEB6 /* ECUtils */,
				4B83B3751D60DFA4006CDEB6 /* Products */,
			);
			sourceTree = "<group>";
		};
		4B83B3751D60DFA4006CDEB6 /* Products */ = {
			isa = PBXGroup;
			children = (
				4B83B3741D60DFA4006CDEB6 /* ECUtils.framework */,
			);
			name = Products;
			sourceTree = "<group>";
		};
		4B83B3761D60DFA4006CDEB6 /* ECUtils */ = {
			isa = PBXGroup;
			children = (
				4B83B4501D60E340006CDEB6 /* Bean */,
				4B83B4601D60E340006CDEB6 /* Foundation */,
				4B83B4801D60E340006CDEB6 /* UIKit */,
				4B83B3771D60DFA4006CDEB6 /* ECUtils.h */,
				4B83B3791D60DFA4006CDEB6 /* Info.plist */,
			);
			path = ECUtils;
			sourceTree = "<group>";
		};
		4B83B4501D60E340006CDEB6 /* Bean */ = {
			isa = PBXGroup;
			children = (
				4B83B4511D60E340006CDEB6 /* RFBeanClass.h */,
				4B83B4521D60E340006CDEB6 /* RFBeanClass.m */,
				4B83B4531D60E340006CDEB6 /* RFBeanProperty.h */,
				4B83B4541D60E340006CDEB6 /* RFBeanProperty.m */,
				4B83B4551D60E340006CDEB6 /* RFBeanPropertyAnnotation.h */,
				4B83B4561D60E340006CDEB6 /* RFBeanPropertyAnnotation.m */,
				4B83B4571D60E340006CDEB6 /* RFBeanProtocol.h */,
				4B83B4581D60E340006CDEB6 /* RFBeanProtocol.m */,
				4B83B4591D60E340006CDEB6 /* RFBeanUtil.h */,
				4B83B45A1D60E340006CDEB6 /* RFBeanUtil.m */,
				4B83B45B1D60E340006CDEB6 /* RFJSONObject.h */,
				4B83B45C1D60E340006CDEB6 /* RFJSONPropertyAnnotation.h */,
				4B83B45D1D60E340006CDEB6 /* RFJSONPropertyAnnotation.m */,
				4B83B45E1D60E340006CDEB6 /* RFJSONUtil.h */,
				4B83B45F1D60E340006CDEB6 /* RFJSONUtil.m */,
			);
			path = Bean;
			sourceTree = "<group>";
		};
		4B83B4601D60E340006CDEB6 /* Foundation */ = {
			isa = PBXGroup;
			children = (
				4B83B4611D60E340006CDEB6 /* NSData+Utils.h */,
				4B83B4621D60E340006CDEB6 /* NSData+Utils.m */,
				4B83B4631D60E340006CDEB6 /* NSDate+Utils.h */,
				4B83B4641D60E340006CDEB6 /* NSDate+Utils.m */,
				4B83B4651D60E340006CDEB6 /* NSDictionary+Utils.h */,
				4B83B4661D60E340006CDEB6 /* NSDictionary+Utils.m */,
				4B83B4671D60E340006CDEB6 /* NSFileManager+Utils.h */,
				4B83B4681D60E340006CDEB6 /* NSFileManager+Utils.m */,
				4B83B4691D60E340006CDEB6 /* NSNull+Protection.h */,
				4B83B46A1D60E340006CDEB6 /* NSNull+Protection.m */,
				4B83B46B1D60E340006CDEB6 /* NSString+Utils.h */,
				4B83B46C1D60E340006CDEB6 /* NSString+Utils.m */,
				4B83B46D1D60E340006CDEB6 /* NSTimer+Block.h */,
				4B83B46E1D60E340006CDEB6 /* NSTimer+Block.m */,
				4B83B46F1D60E340006CDEB6 /* ECBlockAction.h */,
				4B83B4701D60E340006CDEB6 /* ECBlockAction.m */,
				4B83B4771D60E340006CDEB6 /* ECPinyinTable.h */,
				4B83B4781D60E340006CDEB6 /* ECPinyinUtil.h */,
				4B83B4791D60E340006CDEB6 /* ECPinyinUtil.m */,
				4B83B47A1D60E340006CDEB6 /* ECCUtil.h */,
				4B83B47B1D60E340006CDEB6 /* ECCUtil.m */,
				4B83B47C1D60E340006CDEB6 /* ECResourceLoader.h */,
				4B83B47D1D60E340006CDEB6 /* ECResourceLoader.m */,
				4B83B53F1D60E53A006CDEB6 /* ECLog.h */,
			);
			path = Foundation;
			sourceTree = "<group>";
		};
		4B83B4801D60E340006CDEB6 /* UIKit */ = {
			isa = PBXGroup;
			children = (
				4B83B4851D60E340006CDEB6 /* ECApplication.h */,
				4B83B4861D60E340006CDEB6 /* ECApplication.m */,
				4B83B4871D60E340006CDEB6 /* ECBlockActionSheet.h */,
				4B83B4881D60E340006CDEB6 /* ECBlockActionSheet.m */,
				4B83B4891D60E340006CDEB6 /* ECBlockAlertView.h */,
				4B83B48A1D60E340006CDEB6 /* ECBlockAlertView.m */,
				4B83B48B1D60E340006CDEB6 /* ECBlockImagePickerViewController.h */,
				4B83B48C1D60E340006CDEB6 /* ECBlockImagePickerViewController.m */,
				4B83B4901D60E340006CDEB6 /* ECCollectionViewCell.h */,
				4B83B4911D60E340006CDEB6 /* ECCollectionViewCell.m */,
				4B83B4921D60E340006CDEB6 /* ECInputView.h */,
				4B83B4931D60E340006CDEB6 /* ECInputView.m */,
				4B83B4941D60E340006CDEB6 /* ECLoadMoreCell.h */,
				4B83B4951D60E340006CDEB6 /* ECLoadMoreCell.m */,
				4B83B4991D60E340006CDEB6 /* ECNibUtil.h */,
				4B83B49A1D60E340006CDEB6 /* ECNibUtil.m */,
				4B83B49D1D60E340006CDEB6 /* ECPresentationController.h */,
				4B83B49E1D60E340006CDEB6 /* ECPresentationController.m */,
				4B83B49F1D60E340006CDEB6 /* ECProgressView.h */,
				4B83B4A01D60E340006CDEB6 /* ECProgressView.m */,
				4B83B4A11D60E340006CDEB6 /* ECRootViewController.h */,
				4B83B4A21D60E340006CDEB6 /* ECRootViewController.m */,
				4B83B4A31D60E340006CDEB6 /* ECRoundProgressView.h */,
				4B83B4A41D60E340006CDEB6 /* ECRoundProgressView.m */,
				4B83B4A51D60E340006CDEB6 /* ECRow.h */,
				4B83B4A61D60E340006CDEB6 /* ECRow.m */,
				4B83B4A71D60E340006CDEB6 /* ECSection.h */,
				4B83B4A81D60E340006CDEB6 /* ECSection.m */,
				4B83B4A91D60E340006CDEB6 /* ECSidebar.h */,
				4B83B4AC1D60E340006CDEB6 /* ECTableViewCell.h */,
				4B83B4AD1D60E340006CDEB6 /* ECTableViewCell.m */,
				4B83B4AE1D60E340006CDEB6 /* ECTableViewCellDynamicHeight.h */,
				4B83B4AF1D60E340006CDEB6 /* ECTableViewController.h */,
				4B83B4B01D60E340006CDEB6 /* ECTableViewController.m */,
				4B83B4B91D60E340006CDEB6 /* ECToast.h */,
				4B83B4BA1D60E340006CDEB6 /* ECToast.m */,
				4B83B4BB1D60E340006CDEB6 /* ECViewController.h */,
				4B83B4BC1D60E340006CDEB6 /* ECViewController.m */,
				4B83B4BD1D60E340006CDEB6 /* ECViewObject.h */,
				4B83B4BE1D60E340006CDEB6 /* ECViewObject.m */,
				4B83B4BF1D60E340006CDEB6 /* ECViewUtil.h */,
				4B83B4C01D60E340006CDEB6 /* ECViewUtil.m */,
				4B83B4C11D60E340006CDEB6 /* UIBarButtonItem+Utils.h */,
				4B83B4C21D60E340006CDEB6 /* UIBarButtonItem+Utils.m */,
				4B83B4C31D60E340006CDEB6 /* UIDevice+Additions.h */,
				4B83B4C41D60E340006CDEB6 /* UIDevice+Additions.m */,
				4B83B4C51D60E340006CDEB6 /* UIView+Utils.h */,
				4B83B4C61D60E340006CDEB6 /* UIView+Utils.m */,
			);
			path = UIKit;
			sourceTree = "<group>";
		};
/* End PBXGroup section */

/* Begin PBXHeadersBuildPhase section */
		4B83B3711D60DFA4006CDEB6 /* Headers */ = {
			isa = PBXHeadersBuildPhase;
			buildActionMask = 2147483647;
			files = (
				4B83B5031D60E340006CDEB6 /* ECBlockImagePickerViewController.h in Headers */,
				4B83B4E01D60E340006CDEB6 /* NSFileManager+Utils.h in Headers */,
				4B83B4DE1D60E340006CDEB6 /* NSDictionary+Utils.h in Headers */,
				4B83B53B1D60E340006CDEB6 /* UIDevice+Additions.h in Headers */,
				4B83B53D1D60E340006CDEB6 /* UIView+Utils.h in Headers */,
				4B83B4E21D60E340006CDEB6 /* NSNull+Protection.h in Headers */,
				4B83B4DC1D60E340006CDEB6 /* NSDate+Utils.h in Headers */,
				4B83B4E41D60E340006CDEB6 /* NSString+Utils.h in Headers */,
				4B83B5391D60E340006CDEB6 /* UIBarButtonItem+Utils.h in Headers */,
				4B83B4DA1D60E340006CDEB6 /* NSData+Utils.h in Headers */,
				4B83B4FD1D60E340006CDEB6 /* ECApplication.h in Headers */,
				4B83B4E61D60E340006CDEB6 /* NSTimer+Block.h in Headers */,
				4B83B4D81D60E340006CDEB6 /* RFJSONUtil.h in Headers */,
				4B83B5351D60E340006CDEB6 /* ECViewObject.h in Headers */,
				4B83B50A1D60E340006CDEB6 /* ECInputView.h in Headers */,
				4B83B4CF1D60E340006CDEB6 /* RFBeanPropertyAnnotation.h in Headers */,
				4B83B5171D60E340006CDEB6 /* ECProgressView.h in Headers */,
				4B83B5081D60E340006CDEB6 /* ECCollectionViewCell.h in Headers */,
				4B83B4D61D60E340006CDEB6 /* RFJSONPropertyAnnotation.h in Headers */,
				4B83B5241D60E340006CDEB6 /* ECTableViewCell.h in Headers */,
				4B83B5261D60E340006CDEB6 /* ECTableViewCellDynamicHeight.h in Headers */,
				4B83B3781D60DFA4006CDEB6 /* ECUtils.h in Headers */,
				4B83B51F1D60E340006CDEB6 /* ECSection.h in Headers */,
				4B83B5191D60E340006CDEB6 /* ECRootViewController.h in Headers */,
				4B83B50C1D60E340006CDEB6 /* ECLoadMoreCell.h in Headers */,
				4B83B51B1D60E340006CDEB6 /* ECRoundProgressView.h in Headers */,
				4B83B4FF1D60E340006CDEB6 /* ECBlockActionSheet.h in Headers */,
				4B83B4F51D60E340006CDEB6 /* ECResourceLoader.h in Headers */,
				4B83B4F11D60E340006CDEB6 /* ECPinyinUtil.h in Headers */,
				4B83B5371D60E340006CDEB6 /* ECViewUtil.h in Headers */,
				4B83B4D11D60E340006CDEB6 /* RFBeanProtocol.h in Headers */,
				4B83B5311D60E340006CDEB6 /* ECToast.h in Headers */,
				4B83B4F01D60E340006CDEB6 /* ECPinyinTable.h in Headers */,
				4B83B51D1D60E340006CDEB6 /* ECRow.h in Headers */,
				4B83B5111D60E340006CDEB6 /* ECNibUtil.h in Headers */,
				4B83B5331D60E340006CDEB6 /* ECViewController.h in Headers */,
				4B83B4F31D60E340006CDEB6 /* ECCUtil.h in Headers */,
				4B83B4CD1D60E340006CDEB6 /* RFBeanProperty.h in Headers */,
				4B83B4E81D60E340006CDEB6 /* ECBlockAction.h in Headers */,
				4B83B5271D60E340006CDEB6 /* ECTableViewController.h in Headers */,
				4B83B4D31D60E340006CDEB6 /* RFBeanUtil.h in Headers */,
				4B83B4D51D60E340006CDEB6 /* RFJSONObject.h in Headers */,
				4B83B4CB1D60E340006CDEB6 /* RFBeanClass.h in Headers */,
				4B83B5151D60E340006CDEB6 /* ECPresentationController.h in Headers */,
				4B83B5211D60E340006CDEB6 /* ECSidebar.h in Headers */,
				4B83B5011D60E340006CDEB6 /* ECBlockAlertView.h in Headers */,
			);
			runOnlyForDeploymentPostprocessing = 0;
		};
/* End PBXHeadersBuildPhase section */

/* Begin PBXNativeTarget section */
		4B83B3731D60DFA4006CDEB6 /* ECUtils */ = {
			isa = PBXNativeTarget;
			buildConfigurationList = 4B83B37C1D60DFA4006CDEB6 /* Build configuration list for PBXNativeTarget "ECUtils" */;
			buildPhases = (
				4B83B36F1D60DFA4006CDEB6 /* Sources */,
				4B83B3701D60DFA4006CDEB6 /* Frameworks */,
				4B83B3711D60DFA4006CDEB6 /* Headers */,
				4B83B3721D60DFA4006CDEB6 /* Resources */,
			);
			buildRules = (
			);
			dependencies = (
			);
			name = ECUtils;
			productName = ECUtils;
			productReference = 4B83B3741D60DFA4006CDEB6 /* ECUtils.framework */;
			productType = "com.apple.product-type.framework";
		};
/* End PBXNativeTarget section */

/* Begin PBXProject section */
		4B83B36B1D60DFA4006CDEB6 /* Project object */ = {
			isa = PBXProject;
			attributes = {
				CLASSPREFIX = EC;
				LastUpgradeCheck = 0730;
				ORGANIZATIONNAME = kiri;
				TargetAttributes = {
					4B83B3731D60DFA4006CDEB6 = {
						CreatedOnToolsVersion = 7.3.1;
					};
				};
			};
			buildConfigurationList = 4B83B36E1D60DFA4006CDEB6 /* Build configuration list for PBXProject "ECUtils" */;
			compatibilityVersion = "Xcode 3.2";
			developmentRegion = English;
			hasScannedForEncodings = 0;
			knownRegions = (
				en,
			);
			mainGroup = 4B83B36A1D60DFA4006CDEB6;
			productRefGroup = 4B83B3751D60DFA4006CDEB6 /* Products */;
			projectDirPath = "";
			projectRoot = "";
			targets = (
				4B83B3731D60DFA4006CDEB6 /* ECUtils */,
			);
		};
/* End PBXProject section */

/* Begin PBXResourcesBuildPhase section */
		4B83B3721D60DFA4006CDEB6 /* Resources */ = {
			isa = PBXResourcesBuildPhase;
			buildActionMask = 2147483647;
			files = (
			);
			runOnlyForDeploymentPostprocessing = 0;
		};
/* End PBXResourcesBuildPhase section */

/* Begin PBXSourcesBuildPhase section */
		4B83B36F1D60DFA4006CDEB6 /* Sources */ = {
			isa = PBXSourcesBuildPhase;
			buildActionMask = 2147483647;
			files = (
				4B83B4DB1D60E340006CDEB6 /* NSData+Utils.m in Sources */,
				4B83B4E11D60E340006CDEB6 /* NSFileManager+Utils.m in Sources */,
				4B83B4F41D60E340006CDEB6 /* ECCUtil.m in Sources */,
				4B83B51A1D60E340006CDEB6 /* ECRootViewController.m in Sources */,
				4B83B5201D60E340006CDEB6 /* ECSection.m in Sources */,
				4B83B5041D60E340006CDEB6 /* ECBlockImagePickerViewController.m in Sources */,
				4B83B50B1D60E340006CDEB6 /* ECInputView.m in Sources */,
				4B83B5381D60E340006CDEB6 /* ECViewUtil.m in Sources */,
				4B83B4E71D60E340006CDEB6 /* NSTimer+Block.m in Sources */,
				4B83B4F21D60E340006CDEB6 /* ECPinyinUtil.m in Sources */,
				4B83B4CC1D60E340006CDEB6 /* RFBeanClass.m in Sources */,
				4B83B5361D60E340006CDEB6 /* ECViewObject.m in Sources */,
				4B83B4FE1D60E340006CDEB6 /* ECApplication.m in Sources */,
				4B83B4E91D60E340006CDEB6 /* ECBlockAction.m in Sources */,
				4B83B4D21D60E340006CDEB6 /* RFBeanProtocol.m in Sources */,
				4B83B50D1D60E340006CDEB6 /* ECLoadMoreCell.m in Sources */,
				4B83B5021D60E340006CDEB6 /* ECBlockAlertView.m in Sources */,
				4B83B4D01D60E340006CDEB6 /* RFBeanPropertyAnnotation.m in Sources */,
				4B83B5121D60E340006CDEB6 /* ECNibUtil.m in Sources */,
				4B83B53E1D60E340006CDEB6 /* UIView+Utils.m in Sources */,
				4B83B5001D60E340006CDEB6 /* ECBlockActionSheet.m in Sources */,
				4B83B5181D60E340006CDEB6 /* ECProgressView.m in Sources */,
				4B83B5251D60E340006CDEB6 /* ECTableViewCell.m in Sources */,
				4B83B5091D60E340006CDEB6 /* ECCollectionViewCell.m in Sources */,
				4B83B4CE1D60E340006CDEB6 /* RFBeanProperty.m in Sources */,
				4B83B4E51D60E340006CDEB6 /* NSString+Utils.m in Sources */,
				4B83B4D41D60E340006CDEB6 /* RFBeanUtil.m in Sources */,
				4B83B53C1D60E340006CDEB6 /* UIDevice+Additions.m in Sources */,
				4B83B51C1D60E340006CDEB6 /* ECRoundProgressView.m in Sources */,
				4B83B5281D60E340006CDEB6 /* ECTableViewController.m in Sources */,
				4B83B4E31D60E340006CDEB6 /* NSNull+Protection.m in Sources */,
				4B83B4D91D60E340006CDEB6 /* RFJSONUtil.m in Sources */,
				4B83B5321D60E340006CDEB6 /* ECToast.m in Sources */,
				4B83B4DD1D60E340006CDEB6 /* NSDate+Utils.m in Sources */,
				4B83B4F61D60E340006CDEB6 /* ECResourceLoader.m in Sources */,
				4B83B51E1D60E340006CDEB6 /* ECRow.m in Sources */,
				4B83B4DF1D60E340006CDEB6 /* NSDictionary+Utils.m in Sources */,
				4B83B5341D60E340006CDEB6 /* ECViewController.m in Sources */,
				4B83B53A1D60E340006CDEB6 /* UIBarButtonItem+Utils.m in Sources */,
				4B83B4D71D60E340006CDEB6 /* RFJSONPropertyAnnotation.m in Sources */,
				4B83B5161D60E340006CDEB6 /* ECPresentationController.m in Sources */,
			);
			runOnlyForDeploymentPostprocessing = 0;
		};
/* End PBXSourcesBuildPhase section */

/* Begin XCBuildConfiguration section */
		4B83B37A1D60DFA4006CDEB6 /* Debug */ = {
			isa = XCBuildConfiguration;
			buildSettings = {
				ALWAYS_SEARCH_USER_PATHS = NO;
				CLANG_ANALYZER_NONNULL = YES;
				CLANG_CXX_LANGUAGE_STANDARD = "gnu++0x";
				CLANG_CXX_LIBRARY = "libc++";
				CLANG_ENABLE_MODULES = YES;
				CLANG_ENABLE_OBJC_ARC = YES;
				CLANG_WARN_BOOL_CONVERSION = YES;
				CLANG_WARN_CONSTANT_CONVERSION = YES;
				CLANG_WARN_DIRECT_OBJC_ISA_USAGE = YES_ERROR;
				CLANG_WARN_EMPTY_BODY = YES;
				CLANG_WARN_ENUM_CONVERSION = YES;
				CLANG_WARN_INT_CONVERSION = YES;
				CLANG_WARN_OBJC_ROOT_CLASS = YES_ERROR;
				CLANG_WARN_UNREACHABLE_CODE = YES;
				CLANG_WARN__DUPLICATE_METHOD_MATCH = YES;
				"CODE_SIGN_IDENTITY[sdk=iphoneos*]" = "iPhone Developer";
				COPY_PHASE_STRIP = NO;
				CURRENT_PROJECT_VERSION = 1;
				DEBUG_INFORMATION_FORMAT = dwarf;
				ENABLE_STRICT_OBJC_MSGSEND = YES;
				ENABLE_TESTABILITY = YES;
				GCC_C_LANGUAGE_STANDARD = gnu99;
				GCC_DYNAMIC_NO_PIC = NO;
				GCC_NO_COMMON_BLOCKS = YES;
				GCC_OPTIMIZATION_LEVEL = 0;
				GCC_PREPROCESSOR_DEFINITIONS = (
					"DEBUG=1",
					"$(inherited)",
				);
				GCC_WARN_64_TO_32_BIT_CONVERSION = YES;
				GCC_WARN_ABOUT_RETURN_TYPE = YES_ERROR;
				GCC_WARN_UNDECLARED_SELECTOR = YES;
				GCC_WARN_UNINITIALIZED_AUTOS = YES_AGGRESSIVE;
				GCC_WARN_UNUSED_FUNCTION = YES;
				GCC_WARN_UNUSED_VARIABLE = YES;
				IPHONEOS_DEPLOYMENT_TARGET = 8.0;
				MTL_ENABLE_DEBUG_INFO = YES;
				ONLY_ACTIVE_ARCH = YES;
				SDKROOT = iphoneos;
				TARGETED_DEVICE_FAMILY = "1,2";
				VERSIONING_SYSTEM = "apple-generic";
				VERSION_INFO_PREFIX = "";
			};
			name = Debug;
		};
		4B83B37B1D60DFA4006CDEB6 /* Release */ = {
			isa = XCBuildConfiguration;
			buildSettings = {
				ALWAYS_SEARCH_USER_PATHS = NO;
				CLANG_ANALYZER_NONNULL = YES;
				CLANG_CXX_LANGUAGE_STANDARD = "gnu++0x";
				CLANG_CXX_LIBRARY = "libc++";
				CLANG_ENABLE_MODULES = YES;
				CLANG_ENABLE_OBJC_ARC = YES;
				CLANG_WARN_BOOL_CONVERSION = YES;
				CLANG_WARN_CONSTANT_CONVERSION = YES;
				CLANG_WARN_DIRECT_OBJC_ISA_USAGE = YES_ERROR;
				CLANG_WARN_EMPTY_BODY = YES;
				CLANG_WARN_ENUM_CONVERSION = YES;
				CLANG_WARN_INT_CONVERSION = YES;
				CLANG_WARN_OBJC_ROOT_CLASS = YES_ERROR;
				CLANG_WARN_UNREACHABLE_CODE = YES;
				CLANG_WARN__DUPLICATE_METHOD_MATCH = YES;
				"CODE_SIGN_IDENTITY[sdk=iphoneos*]" = "iPhone Developer";
				COPY_PHASE_STRIP = NO;
				CURRENT_PROJECT_VERSION = 1;
				DEBUG_INFORMATION_FORMAT = "dwarf-with-dsym";
				ENABLE_NS_ASSERTIONS = NO;
				ENABLE_STRICT_OBJC_MSGSEND = YES;
				GCC_C_LANGUAGE_STANDARD = gnu99;
				GCC_NO_COMMON_BLOCKS = YES;
				GCC_WARN_64_TO_32_BIT_CONVERSION = YES;
				GCC_WARN_ABOUT_RETURN_TYPE = YES_ERROR;
				GCC_WARN_UNDECLARED_SELECTOR = YES;
				GCC_WARN_UNINITIALIZED_AUTOS = YES_AGGRESSIVE;
				GCC_WARN_UNUSED_FUNCTION = YES;
				GCC_WARN_UNUSED_VARIABLE = YES;
				IPHONEOS_DEPLOYMENT_TARGET = 8.0;
				MTL_ENABLE_DEBUG_INFO = NO;
				SDKROOT = iphoneos;
				TARGETED_DEVICE_FAMILY = "1,2";
				VALIDATE_PRODUCT = YES;
				VERSIONING_SYSTEM = "apple-generic";
				VERSION_INFO_PREFIX = "";
			};
			name = Release;
		};
		4B83B37D1D60DFA4006CDEB6 /* Debug */ = {
			isa = XCBuildConfiguration;
			buildSettings = {
				DEFINES_MODULE = YES;
				DYLIB_COMPATIBILITY_VERSION = 1;
				DYLIB_CURRENT_VERSION = 1;
				DYLIB_INSTALL_NAME_BASE = "@rpath";
				INFOPLIST_FILE = ECUtils/Info.plist;
				INSTALL_PATH = "$(LOCAL_LIBRARY_DIR)/Frameworks";
				IPHONEOS_DEPLOYMENT_TARGET = 8.0;
				LD_RUNPATH_SEARCH_PATHS = "$(inherited) @executable_path/Frameworks @loader_path/Frameworks";
				PRODUCT_BUNDLE_IDENTIFIER = com.kiri.ECUtils;
				PRODUCT_NAME = "$(TARGET_NAME)";
				SKIP_INSTALL = YES;
			};
			name = Debug;
		};
		4B83B37E1D60DFA4006CDEB6 /* Release */ = {
			isa = XCBuildConfiguration;
			buildSettings = {
				DEFINES_MODULE = YES;
				DYLIB_COMPATIBILITY_VERSION = 1;
				DYLIB_CURRENT_VERSION = 1;
				DYLIB_INSTALL_NAME_BASE = "@rpath";
				INFOPLIST_FILE = ECUtils/Info.plist;
				INSTALL_PATH = "$(LOCAL_LIBRARY_DIR)/Frameworks";
				IPHONEOS_DEPLOYMENT_TARGET = 8.0;
				LD_RUNPATH_SEARCH_PATHS = "$(inherited) @executable_path/Frameworks @loader_path/Frameworks";
				PRODUCT_BUNDLE_IDENTIFIER = com.kiri.ECUtils;
				PRODUCT_NAME = "$(TARGET_NAME)";
				SKIP_INSTALL = YES;
			};
			name = Release;
		};
/* End XCBuildConfiguration section */

/* Begin XCConfigurationList section */
		4B83B36E1D60DFA4006CDEB6 /* Build configuration list for PBXProject "ECUtils" */ = {
			isa = XCConfigurationList;
			buildConfigurations = (
				4B83B37A1D60DFA4006CDEB6 /* Debug */,
				4B83B37B1D60DFA4006CDEB6 /* Release */,
			);
			defaultConfigurationIsVisible = 0;
			defaultConfigurationName = Release;
		};
		4B83B37C1D60DFA4006CDEB6 /* Build configuration list for PBXNativeTarget "ECUtils" */ = {
			isa = XCConfigurationList;
			buildConfigurations = (
				4B83B37D1D60DFA4006CDEB6 /* Debug */,
				4B83B37E1D60DFA4006CDEB6 /* Release */,
			);
			defaultConfigurationIsVisible = 0;
			defaultConfigurationName = Release;
		};
/* End XCConfigurationList section */
	};
	rootObject = 4B83B36B1D60DFA4006CDEB6 /* Project object */;
}
